# This file is generated by running "yarn install" inside your project.
# Manual changes might be lost - proceed with caution!

__metadata:
  version: 6
  cacheKey: 8

"@cspotcode/source-map-support@npm:^0.8.0":
  version: 0.8.1
  resolution: "@cspotcode/source-map-support@npm:0.8.1"
  dependencies:
    "@jridgewell/trace-mapping": 0.3.9
  checksum: 5718f267085ed8edb3e7ef210137241775e607ee18b77d95aa5bd7514f47f5019aa2d82d96b3bf342ef7aa890a346fa1044532ff7cc3009e7d24fce3ce6200fa
  languageName: node
  linkType: hard

"@jridgewell/resolve-uri@npm:^3.0.3":
  version: 3.1.0
  resolution: "@jridgewell/resolve-uri@npm:3.1.0"
  checksum: b5ceaaf9a110fcb2780d1d8f8d4a0bfd216702f31c988d8042e5f8fbe353c55d9b0f55a1733afdc64806f8e79c485d2464680ac48a0d9fcadb9548ee6b81d267
  languageName: node
  linkType: hard

"@jridgewell/sourcemap-codec@npm:^1.4.10":
  version: 1.4.14
  resolution: "@jridgewell/sourcemap-codec@npm:1.4.14"
  checksum: 61100637b6d173d3ba786a5dff019e1a74b1f394f323c1fee337ff390239f053b87266c7a948777f4b1ee68c01a8ad0ab61e5ff4abb5a012a0b091bec391ab97
  languageName: node
  linkType: hard

"@jridgewell/trace-mapping@npm:0.3.9":
  version: 0.3.9
  resolution: "@jridgewell/trace-mapping@npm:0.3.9"
  dependencies:
    "@jridgewell/resolve-uri": ^3.0.3
    "@jridgewell/sourcemap-codec": ^1.4.10
  checksum: d89597752fd88d3f3480845691a05a44bd21faac18e2185b6f436c3b0fd0c5a859fbbd9aaa92050c4052caf325ad3e10e2e1d1b64327517471b7d51babc0ddef
  languageName: node
  linkType: hard

"@tsconfig/node10@npm:^1.0.7":
  version: 1.0.9
  resolution: "@tsconfig/node10@npm:1.0.9"
  checksum: a33ae4dc2a621c0678ac8ac4bceb8e512ae75dac65417a2ad9b022d9b5411e863c4c198b6ba9ef659e14b9fb609bbec680841a2e84c1172df7a5ffcf076539df
  languageName: node
  linkType: hard

"@tsconfig/node12@npm:^1.0.7":
  version: 1.0.11
  resolution: "@tsconfig/node12@npm:1.0.11"
  checksum: 5ce29a41b13e7897a58b8e2df11269c5395999e588b9a467386f99d1d26f6c77d1af2719e407621412520ea30517d718d5192a32403b8dfcc163bf33e40a338a
  languageName: node
  linkType: hard

"@tsconfig/node14@npm:^1.0.0":
  version: 1.0.3
  resolution: "@tsconfig/node14@npm:1.0.3"
  checksum: 19275fe80c4c8d0ad0abed6a96dbf00642e88b220b090418609c4376e1cef81bf16237bf170ad1b341452feddb8115d8dd2e5acdfdea1b27422071163dc9ba9d
  languageName: node
  linkType: hard

"@tsconfig/node16@npm:^1.0.2":
  version: 1.0.3
  resolution: "@tsconfig/node16@npm:1.0.3"
  checksum: 3a8b657dd047495b7ad23437d6afd20297ce90380ff0bdee93fc7d39a900dbd8d9e26e53ff6b465e7967ce2adf0b218782590ce9013285121e6a5928fbd6819f
  languageName: node
  linkType: hard

"@types/node@npm:^18.7.9":
  version: 18.7.9
  resolution: "@types/node@npm:18.7.9"
  checksum: 691ea1b734c0a39c4fe03c104fed18e0148bda6f2504dd341f84be8153d28e74d8114198d2d064ab7fdd2ece3ee16c60b78eea0101fb004f6e4595a631bc3839
  languageName: node
  linkType: hard

"@types/pino@npm:^7.0.5":
  version: 7.0.5
  resolution: "@types/pino@npm:7.0.5"
  dependencies:
    pino: "*"
  checksum: f1c59f7d9a7b717e014e93a6e3f235cf824c93696f6530d41316a6188eb6e3846ce44941d2641665c6a4d0dc64a63ea24e277b2acff52e766ad7169e1a20f973
  languageName: node
  linkType: hard

"@types/readline-sync@npm:^1.4.4":
  version: 1.4.4
  resolution: "@types/readline-sync@npm:1.4.4"
  checksum: 2c9aad7fd8e36e9b3d25ec34d25c7bd4a5ca675fef996c26bd7c56b7ea2ea9eed21b1cbb91d3948ddb6de42c5cb54bc137d1c8bb74bf5a8aba86eecc9672a182
  languageName: node
  linkType: hard

"abort-controller@npm:^3.0.0":
  version: 3.0.0
  resolution: "abort-controller@npm:3.0.0"
  dependencies:
    event-target-shim: ^5.0.0
  checksum: 170bdba9b47b7e65906a28c8ce4f38a7a369d78e2271706f020849c1bfe0ee2067d4261df8bbb66eb84f79208fd5b710df759d64191db58cfba7ce8ef9c54b75
  languageName: node
  linkType: hard

"acorn-walk@npm:^8.1.1":
  version: 8.2.0
  resolution: "acorn-walk@npm:8.2.0"
  checksum: 1715e76c01dd7b2d4ca472f9c58968516a4899378a63ad5b6c2d668bba8da21a71976c14ec5f5b75f887b6317c4ae0b897ab141c831d741dc76024d8745f1ad1
  languageName: node
  linkType: hard

"acorn@npm:^8.4.1":
  version: 8.8.0
  resolution: "acorn@npm:8.8.0"
  bin:
    acorn: bin/acorn
  checksum: 7270ca82b242eafe5687a11fea6e088c960af712683756abf0791b68855ea9cace3057bd5e998ffcef50c944810c1e0ca1da526d02b32110e13c722aa959afdc
  languageName: node
  linkType: hard

"arg@npm:^4.1.0":
  version: 4.1.3
  resolution: "arg@npm:4.1.3"
  checksum: 544af8dd3f60546d3e4aff084d451b96961d2267d668670199692f8d054f0415d86fc5497d0e641e91546f0aa920e7c29e5250e99fc89f5552a34b5d93b77f43
  languageName: node
  linkType: hard

"atomic-sleep@npm:^1.0.0":
  version: 1.0.0
  resolution: "atomic-sleep@npm:1.0.0"
  checksum: b95275afb2f80732f22f43a60178430c468906a415a7ff18bcd0feeebc8eec3930b51250aeda91a476062a90e07132b43a1794e8d8ffcf9b650e8139be75fa36
  languageName: node
  linkType: hard

"create-require@npm:^1.1.0":
  version: 1.1.1
  resolution: "create-require@npm:1.1.1"
  checksum: a9a1503d4390d8b59ad86f4607de7870b39cad43d929813599a23714831e81c520bddf61bcdd1f8e30f05fd3a2b71ae8538e946eb2786dc65c2bbc520f692eff
  languageName: node
  linkType: hard

"diff@npm:^4.0.1":
  version: 4.0.2
  resolution: "diff@npm:4.0.2"
  checksum: f2c09b0ce4e6b301c221addd83bf3f454c0bc00caa3dd837cf6c127d6edf7223aa2bbe3b688feea110b7f262adbfc845b757c44c8a9f8c0c5b15d8fa9ce9d20d
  languageName: node
  linkType: hard

"event-target-shim@npm:^5.0.0":
  version: 5.0.1
  resolution: "event-target-shim@npm:5.0.1"
  checksum: 1ffe3bb22a6d51bdeb6bf6f7cf97d2ff4a74b017ad12284cc9e6a279e727dc30a5de6bb613e5596ff4dc3e517841339ad09a7eec44266eccb1aa201a30448166
  languageName: node
  linkType: hard

"fast-redact@npm:^3.1.1":
  version: 3.1.1
  resolution: "fast-redact@npm:3.1.1"
  checksum: e486cc9990b5c9724f39bf4e392c1b250c8fd5e8c0145be80c73de3461fc390babe7b48f35746b50bf3cbcd917e093b5685ae66295162c7d9b686a761d48e989
  languageName: node
  linkType: hard

"github_label@workspace:.":
  version: 0.0.0-use.local
  resolution: "github_label@workspace:."
  dependencies:
    "@types/node": ^18.7.9
    "@types/pino": ^7.0.5
    "@types/readline-sync": ^1.4.4
    pino: ^8.4.2
    readline-sync: ^1.4.10
    strictcat: ^0.0.1-alpha.4
    ts-node: ^10.9.1
    typescript: ^4.7.4
  languageName: unknown
  linkType: soft

"make-error@npm:^1.1.1":
  version: 1.3.6
  resolution: "make-error@npm:1.3.6"
  checksum: b86e5e0e25f7f777b77fabd8e2cbf15737972869d852a22b7e73c17623928fccb826d8e46b9951501d3f20e51ad74ba8c59ed584f610526a48f8ccf88aaec402
  languageName: node
  linkType: hard

"on-exit-leak-free@npm:^2.1.0":
  version: 2.1.0
  resolution: "on-exit-leak-free@npm:2.1.0"
  checksum: 7334d98b87b0c89c9b69c747760b21196ff35afdedc4eaf1a0a3a02964463d7f6802481b120e4c8298967c74773ca7b914ab2eb3d9b279010eb7f67ac4960eed
  languageName: node
  linkType: hard

"pino-abstract-transport@npm:v1.0.0":
  version: 1.0.0
  resolution: "pino-abstract-transport@npm:1.0.0"
  dependencies:
    readable-stream: ^4.0.0
    split2: ^4.0.0
  checksum: 05dd0eda52dd99fd204b39fe7b62656744b63e863bc052cdd5105d25f226a236966d0a46e39a1ace4838f6e988c608837ff946d2d0bc92835ca7baa0a3bff8d8
  languageName: node
  linkType: hard

"pino-std-serializers@npm:^6.0.0":
  version: 6.0.0
  resolution: "pino-std-serializers@npm:6.0.0"
  checksum: d9dc1779b3870cdbe00dc2dff15e3931eb126bb144bc9f746d83a2c1174a28e366ed0abe63379dee2fee474e6018a088bfbb2c4b57c1e206601918f5a61e276f
  languageName: node
  linkType: hard

"pino@npm:*, pino@npm:^8.4.2":
  version: 8.4.2
  resolution: "pino@npm:8.4.2"
  dependencies:
    atomic-sleep: ^1.0.0
    fast-redact: ^3.1.1
    on-exit-leak-free: ^2.1.0
    pino-abstract-transport: v1.0.0
    pino-std-serializers: ^6.0.0
    process-warning: ^2.0.0
    quick-format-unescaped: ^4.0.3
    real-require: ^0.2.0
    safe-stable-stringify: ^2.3.1
    sonic-boom: ^3.1.0
    thread-stream: ^2.0.0
  bin:
    pino: bin.js
  checksum: 870ee673d54a8e0b03766f39800e9805023f7f5efbbd33f61142febcdc556e24463d1d2af182c9b504e44ffa82bf692d67e4c284a64ea2cf96e166a13d77a0bc
  languageName: node
  linkType: hard

"process-warning@npm:^2.0.0":
  version: 2.0.0
  resolution: "process-warning@npm:2.0.0"
  checksum: a2bb299835bced58e63cbe06a8fd6e048a648d3649e81b62c442b63112a3f0a86912e7b1a9c557daca30652232d3b0a7f1972fb87c36334e2a5a6f3d5c4a76c9
  languageName: node
  linkType: hard

"quick-format-unescaped@npm:^4.0.3":
  version: 4.0.4
  resolution: "quick-format-unescaped@npm:4.0.4"
  checksum: 7bc32b99354a1aa46c089d2a82b63489961002bb1d654cee3e6d2d8778197b68c2d854fd23d8422436ee1fdfd0abaddc4d4da120afe700ade68bd357815b26fd
  languageName: node
  linkType: hard

"readable-stream@npm:^4.0.0":
  version: 4.1.0
  resolution: "readable-stream@npm:4.1.0"
  dependencies:
    abort-controller: ^3.0.0
  checksum: ff2bb513af6fb43618c8360211b5b9052e25a59e6626d3669c7ba060d021dfffa43c43832e11b18acd6aac15b057c6deae1c41004c1731688c95c455ad02f982
  languageName: node
  linkType: hard

"readline-sync@npm:^1.4.10":
  version: 1.4.10
  resolution: "readline-sync@npm:1.4.10"
  checksum: 4dbd8925af028dc4cb1bb813f51ca3479035199aa5224886b560eec8e768ab27d7ebf11d69a67ed93d5a130b7c994f0bdb77796326e563cf928bbfd560e3747e
  languageName: node
  linkType: hard

"real-require@npm:^0.2.0":
  version: 0.2.0
  resolution: "real-require@npm:0.2.0"
  checksum: fa060f19f2f447adf678d1376928c76379dce5f72bd334da301685ca6cdcb7b11356813332cc243c88470796bc2e2b1e2917fc10df9143dd93c2ea608694971d
  languageName: node
  linkType: hard

"safe-stable-stringify@npm:^2.3.1":
  version: 2.3.1
  resolution: "safe-stable-stringify@npm:2.3.1"
  checksum: a0a0bad0294c3e2a9d1bf3cf2b1096dfb83c162d09a5e4891e488cce082120bd69161d2a92aae7fc48255290f17700decae9c89a07fe139794e61b5c8b411377
  languageName: node
  linkType: hard

"sonic-boom@npm:^3.1.0":
  version: 3.2.0
  resolution: "sonic-boom@npm:3.2.0"
  dependencies:
    atomic-sleep: ^1.0.0
  checksum: 526669b78e0ac3bcbe2a53e5ac8960d3b25e61d8e6a46eaed5a0c46d7212c5f638bb136236870babedfcb626063711ba8f81e538f88b79e6a90a5b2ff71943b4
  languageName: node
  linkType: hard

"split2@npm:^4.0.0":
  version: 4.1.0
  resolution: "split2@npm:4.1.0"
  checksum: ec581597cb74c13cdfb5e2047543dd40cb1e8e9803c7b1e0c29ede05f2b4f049b2d6e7f2788a225d544549375719658b8f38e9366364dec35dc7a12edfda5ee5
  languageName: node
  linkType: hard

"strictcat@npm:^0.0.1-alpha.4":
  version: 0.0.1-alpha.4
  resolution: "strictcat@npm:0.0.1-alpha.4"
  checksum: 05b15b936c79dd0a2bd64f77301fdb4a657e397ac33e1fd88e50ecb51b2c1788b0482623bc9a36e4bc47d31ae5f8fa448d867b5fc6e687490b5c0e41bbd58503
  languageName: node
  linkType: hard

"thread-stream@npm:^2.0.0":
  version: 2.0.1
  resolution: "thread-stream@npm:2.0.1"
  dependencies:
    real-require: ^0.2.0
  checksum: a78c904d4b22d7b59f774da380b04333e0c7d30505e320eda4bfa4c10e946229f16df6aedb13c7608415cb334657c4a4c6d5d45bf621f6ddb97d3a0141345989
  languageName: node
  linkType: hard

"ts-node@npm:^10.9.1":
  version: 10.9.1
  resolution: "ts-node@npm:10.9.1"
  dependencies:
    "@cspotcode/source-map-support": ^0.8.0
    "@tsconfig/node10": ^1.0.7
    "@tsconfig/node12": ^1.0.7
    "@tsconfig/node14": ^1.0.0
    "@tsconfig/node16": ^1.0.2
    acorn: ^8.4.1
    acorn-walk: ^8.1.1
    arg: ^4.1.0
    create-require: ^1.1.0
    diff: ^4.0.1
    make-error: ^1.1.1
    v8-compile-cache-lib: ^3.0.1
    yn: 3.1.1
  peerDependencies:
    "@swc/core": ">=1.2.50"
    "@swc/wasm": ">=1.2.50"
    "@types/node": "*"
    typescript: ">=2.7"
  peerDependenciesMeta:
    "@swc/core":
      optional: true
    "@swc/wasm":
      optional: true
  bin:
    ts-node: dist/bin.js
    ts-node-cwd: dist/bin-cwd.js
    ts-node-esm: dist/bin-esm.js
    ts-node-script: dist/bin-script.js
    ts-node-transpile-only: dist/bin-transpile.js
    ts-script: dist/bin-script-deprecated.js
  checksum: 090adff1302ab20bd3486e6b4799e90f97726ed39e02b39e566f8ab674fd5bd5f727f43615debbfc580d33c6d9d1c6b1b3ce7d8e3cca3e20530a145ffa232c35
  languageName: node
  linkType: hard

"typescript@npm:^4.7.4":
  version: 4.7.4
  resolution: "typescript@npm:4.7.4"
  bin:
    tsc: bin/tsc
    tsserver: bin/tsserver
  checksum: 5750181b1cd7e6482c4195825547e70f944114fb47e58e4aa7553e62f11b3f3173766aef9c281783edfd881f7b8299cf35e3ca8caebe73d8464528c907a164df
  languageName: node
  linkType: hard

"typescript@patch:typescript@^4.7.4#~builtin<compat/typescript>":
  version: 4.7.4
  resolution: "typescript@patch:typescript@npm%3A4.7.4#~builtin<compat/typescript>::version=4.7.4&hash=f456af"
  bin:
    tsc: bin/tsc
    tsserver: bin/tsserver
  checksum: 9096d8f6c16cb80ef3bf96fcbbd055bf1c4a43bd14f3b7be45a9fbe7ada46ec977f604d5feed3263b4f2aa7d4c7477ce5f9cd87de0d6feedec69a983f3a4f93e
  languageName: node
  linkType: hard

"v8-compile-cache-lib@npm:^3.0.1":
  version: 3.0.1
  resolution: "v8-compile-cache-lib@npm:3.0.1"
  checksum: 78089ad549e21bcdbfca10c08850022b22024cdcc2da9b168bcf5a73a6ed7bf01a9cebb9eac28e03cd23a684d81e0502797e88f3ccd27a32aeab1cfc44c39da0
  languageName: node
  linkType: hard

"yn@npm:3.1.1":
  version: 3.1.1
  resolution: "yn@npm:3.1.1"
  checksum: 2c487b0e149e746ef48cda9f8bad10fc83693cd69d7f9dcd8be4214e985de33a29c9e24f3c0d6bcf2288427040a8947406ab27f7af67ee9456e6b84854f02dd6
  languageName: node
  linkType: hard
